
Microsoft Visual Studio Solution File, Format Version 12.00
# Visual Studio 15
VisualStudioVersion = 15.0.28307.1684
MinimumVisualStudioVersion = 10.0.40219.1
Project("{FAE04EC0-301F-11D3-BF4B-00C04F79EFBC}") = "GUI_SMS", "SMS\GUI_SMS.csproj", "{7317F435-3F35-41F5-A3A5-8AD2C7A3E0E9}"
EndProject
Project("{FAE04EC0-301F-11D3-BF4B-00C04F79EFBC}") = "DAL_SMS", "DAL_SMS\DAL_SMS.csproj", "{746AEC68-4F17-4094-B3DB-6FCD90706A96}"
EndProject
Project("{FAE04EC0-301F-11D3-BF4B-00C04F79EFBC}") = "BUS_SMS", "BUS_SMS\BUS_SMS.csproj", "{AD834CA1-2EA2-4A49-B18E-ACB82FE43F6A}"
EndProject
Global
	GlobalSection(SolutionConfigurationPlatforms) = preSolution
		Debug|Any CPU = Debug|Any CPU
		Release|Any CPU = Release|Any CPU
	EndGlobalSection
	GlobalSection(ProjectConfigurationPlatforms) = postSolution
		{7317F435-3F35-41F5-A3A5-8AD2C7A3E0E9}.Debug|Any CPU.ActiveCfg = Debug|Any CPU
		{7317F435-3F35-41F5-A3A5-8AD2C7A3E0E9}.Debug|Any CPU.Build.0 = Debug|Any CPU
		{7317F435-3F35-41F5-A3A5-8AD2C7A3E0E9}.Release|Any CPU.ActiveCfg = Release|Any CPU
		{7317F435-3F35-41F5-A3A5-8AD2C7A3E0E9}.Release|Any CPU.Build.0 = Release|Any CPU
		{746AEC68-4F17-4094-B3DB-6FCD90706A96}.Debug|Any CPU.ActiveCfg = Debug|Any CPU
		{746AEC68-4F17-4094-B3DB-6FCD90706A96}.Debug|Any CPU.Build.0 = Debug|Any CPU
		{746AEC68-4F17-4094-B3DB-6FCD90706A96}.Release|Any CPU.ActiveCfg = Release|Any CPU
		{746AEC68-4F17-4094-B3DB-6FCD90706A96}.Release|Any CPU.Build.0 = Release|Any CPU
		{AD834CA1-2EA2-4A49-B18E-ACB82FE43F6A}.Debug|Any CPU.ActiveCfg = Debug|Any CPU
		{AD834CA1-2EA2-4A49-B18E-ACB82FE43F6A}.Debug|Any CPU.Build.0 = Debug|Any CPU
		{AD834CA1-2EA2-4A49-B18E-ACB82FE43F6A}.Release|Any CPU.ActiveCfg = Release|Any CPU
		{AD834CA1-2EA2-4A49-B18E-ACB82FE43F6A}.Release|Any CPU.Build.0 = Release|Any CPU
	EndGlobalSection
	GlobalSection(SolutionProperties) = preSolution
		HideSolutionNode = FALSE
	EndGlobalSection
	GlobalSection(ExtensibilityGlobals) = postSolution
		SolutionGuid = {3C07D277-1AAB-4499-9805-CEFAF8B5A64E}
	EndGlobalSection
EndGlobal
